// !$*UTF8*$!
{
	archiveVersion = 1;
	classes = {
	};
	objectVersion = 55;
	objects = {

/* Begin PBXBuildFile section */
		E33F30D228292DD1002ABFBA /* WaitingRoomViewController.swift in Sources */ = {isa = PBXBuildFile; fileRef = E33F30D028292DD1002ABFBA /* WaitingRoomViewController.swift */; };
		E33F30D928293E1A002ABFBA /* WaitingRoomPresenter.swift in Sources */ = {isa = PBXBuildFile; fileRef = E33F30D828293E1A002ABFBA /* WaitingRoomPresenter.swift */; };
		E33F30DB2829700A002ABFBA /* UIView+Shadow.swift in Sources */ = {isa = PBXBuildFile; fileRef = E33F30DA2829700A002ABFBA /* UIView+Shadow.swift */; };
		E35C82CE2828155400FAD0E0 /* AppDelegate.swift in Sources */ = {isa = PBXBuildFile; fileRef = E35C82CD2828155400FAD0E0 /* AppDelegate.swift */; };
		E35C82D02828155400FAD0E0 /* SceneDelegate.swift in Sources */ = {isa = PBXBuildFile; fileRef = E35C82CF2828155400FAD0E0 /* SceneDelegate.swift */; };
		E35C82D72828155600FAD0E0 /* Assets.xcassets in Resources */ = {isa = PBXBuildFile; fileRef = E35C82D62828155600FAD0E0 /* Assets.xcassets */; };
		E35C82DA2828155600FAD0E0 /* LaunchScreen.storyboard in Resources */ = {isa = PBXBuildFile; fileRef = E35C82D82828155600FAD0E0 /* LaunchScreen.storyboard */; };
		E35C82EC28283BB500FAD0E0 /* LoginViewController.swift in Sources */ = {isa = PBXBuildFile; fileRef = E35C82EA28283BB500FAD0E0 /* LoginViewController.swift */; };
		E35C82ED28283BB500FAD0E0 /* LoginViewController.xib in Resources */ = {isa = PBXBuildFile; fileRef = E35C82EB28283BB500FAD0E0 /* LoginViewController.xib */; };
		E35C82F72828766200FAD0E0 /* LoginPresenter.swift in Sources */ = {isa = PBXBuildFile; fileRef = E35C82F62828766200FAD0E0 /* LoginPresenter.swift */; };
		E35EE8592A17F54D0000AE3E /* TetrisGameCore in Frameworks */ = {isa = PBXBuildFile; productRef = E35EE8582A17F54D0000AE3E /* TetrisGameCore */; };
		E3B7CCA0283180DB007C19DC /* ControlViewController.swift in Sources */ = {isa = PBXBuildFile; fileRef = E3B7CC9E283180DB007C19DC /* ControlViewController.swift */; };
		E3E8A37D29FCFA3400E93D4D /* ModeSelectionPresenter.swift in Sources */ = {isa = PBXBuildFile; fileRef = E3E8A37929FCFA3400E93D4D /* ModeSelectionPresenter.swift */; };
		E3E8A37E29FCFA3400E93D4D /* ModeSelectionRouter.swift in Sources */ = {isa = PBXBuildFile; fileRef = E3E8A37A29FCFA3400E93D4D /* ModeSelectionRouter.swift */; };
		E3E8A37F29FCFA3400E93D4D /* ModeSelectionViewController.swift in Sources */ = {isa = PBXBuildFile; fileRef = E3E8A37B29FCFA3400E93D4D /* ModeSelectionViewController.swift */; };
		E3E8A38029FCFA3400E93D4D /* ModeSelectionAssembly.swift in Sources */ = {isa = PBXBuildFile; fileRef = E3E8A37C29FCFA3400E93D4D /* ModeSelectionAssembly.swift */; };
		E3E8A38329FCFB2400E93D4D /* UIView + setupUI.swift in Sources */ = {isa = PBXBuildFile; fileRef = E3E8A38229FCFB2400E93D4D /* UIView + setupUI.swift */; };
		E3E8A38629FCFDCD00E93D4D /* SnapKit in Frameworks */ = {isa = PBXBuildFile; productRef = E3E8A38529FCFDCD00E93D4D /* SnapKit */; };
		E3E8A38C29FD0E4B00E93D4D /* Swinject in Frameworks */ = {isa = PBXBuildFile; productRef = E3E8A38B29FD0E4B00E93D4D /* Swinject */; };
		E3E8A38F29FD0EE400E93D4D /* AssemblyModuls.swift in Sources */ = {isa = PBXBuildFile; fileRef = E3E8A38E29FD0EE400E93D4D /* AssemblyModuls.swift */; };
		E3E8A39529FD237200E93D4D /* AuthorizationService.swift in Sources */ = {isa = PBXBuildFile; fileRef = E3E8A39429FD237200E93D4D /* AuthorizationService.swift */; };
		E3E8A39829FD274200E93D4D /* NetworkingLayer in Frameworks */ = {isa = PBXBuildFile; productRef = E3E8A39729FD274200E93D4D /* NetworkingLayer */; };
		E3E8A39A29FD2BAC00E93D4D /* AuthorizationServiceAssembly.swift in Sources */ = {isa = PBXBuildFile; fileRef = E3E8A39929FD2BAC00E93D4D /* AuthorizationServiceAssembly.swift */; };
		E3E8A39D29FD47A500E93D4D /* LoginAssembly.swift in Sources */ = {isa = PBXBuildFile; fileRef = E3E8A39C29FD47A500E93D4D /* LoginAssembly.swift */; };
		E3E8A39F29FD4C0F00E93D4D /* UIViewController + Most.swift in Sources */ = {isa = PBXBuildFile; fileRef = E3E8A39E29FD4C0F00E93D4D /* UIViewController + Most.swift */; };
		E3E8A3A229FD5AC000E93D4D /* Starscream in Frameworks */ = {isa = PBXBuildFile; productRef = E3E8A3A129FD5AC000E93D4D /* Starscream */; };
		E3F609D82A0EE6380041DBC9 /* OnlineService.swift in Sources */ = {isa = PBXBuildFile; fileRef = E3F609D72A0EE6380041DBC9 /* OnlineService.swift */; };
		E3F609DA2A0EE72B0041DBC9 /* OnlineServiceAssembly.swift in Sources */ = {isa = PBXBuildFile; fileRef = E3F609D92A0EE72B0041DBC9 /* OnlineServiceAssembly.swift */; };
		E3F609DD2A0F96740041DBC9 /* WaitingRoomAssembly.swift in Sources */ = {isa = PBXBuildFile; fileRef = E3F609DC2A0F96740041DBC9 /* WaitingRoomAssembly.swift */; };
		E3F609E02A0F98A50041DBC9 /* WaitingRoomRouter.swift in Sources */ = {isa = PBXBuildFile; fileRef = E3F609DF2A0F98A50041DBC9 /* WaitingRoomRouter.swift */; };
		E3F609E72A0FBE340041DBC9 /* GamePresenter.swift in Sources */ = {isa = PBXBuildFile; fileRef = E3F609E32A0FBE340041DBC9 /* GamePresenter.swift */; };
		E3F609E92A0FBE340041DBC9 /* GameViewController.swift in Sources */ = {isa = PBXBuildFile; fileRef = E3F609E52A0FBE340041DBC9 /* GameViewController.swift */; };
		E3F609EA2A0FBE340041DBC9 /* GameAssembly.swift in Sources */ = {isa = PBXBuildFile; fileRef = E3F609E62A0FBE340041DBC9 /* GameAssembly.swift */; };
		E3F609EC2A0FBFCE0041DBC9 /* ARAdapter.swift in Sources */ = {isa = PBXBuildFile; fileRef = E3F609EB2A0FBFCE0041DBC9 /* ARAdapter.swift */; };
		E3F609EF2A0FC7E50041DBC9 /* PaddingLabel.swift in Sources */ = {isa = PBXBuildFile; fileRef = E3F609EE2A0FC7E50041DBC9 /* PaddingLabel.swift */; };
		E3F609F52A113F550041DBC9 /* Game.swift in Sources */ = {isa = PBXBuildFile; fileRef = E3F609F42A113F550041DBC9 /* Game.swift */; };
		E3F609F92A116CFC0041DBC9 /* GameService.swift in Sources */ = {isa = PBXBuildFile; fileRef = E3F609F82A116CFC0041DBC9 /* GameService.swift */; };
		E3F609FB2A116FDC0041DBC9 /* ActionTetris.swift in Sources */ = {isa = PBXBuildFile; fileRef = E3F609FA2A116FDC0041DBC9 /* ActionTetris.swift */; };
		E3F609FD2A1172640041DBC9 /* GameServiceAssembly.swift in Sources */ = {isa = PBXBuildFile; fileRef = E3F609FC2A1172640041DBC9 /* GameServiceAssembly.swift */; };
		E3F78D50282C425F001B8E55 /* WaitingRoomViewController.xib in Resources */ = {isa = PBXBuildFile; fileRef = E3F78D4F282C425F001B8E55 /* WaitingRoomViewController.xib */; };
/* End PBXBuildFile section */

/* Begin PBXFileReference section */
		E33F30D028292DD1002ABFBA /* WaitingRoomViewController.swift */ = {isa = PBXFileReference; lastKnownFileType = sourcecode.swift; path = WaitingRoomViewController.swift; sourceTree = "<group>"; };
		E33F30D828293E1A002ABFBA /* WaitingRoomPresenter.swift */ = {isa = PBXFileReference; lastKnownFileType = sourcecode.swift; path = WaitingRoomPresenter.swift; sourceTree = "<group>"; };
		E33F30DA2829700A002ABFBA /* UIView+Shadow.swift */ = {isa = PBXFileReference; lastKnownFileType = sourcecode.swift; path = "UIView+Shadow.swift"; sourceTree = "<group>"; };
		E3440EA52A17F4FC00EC9F5C /* TetrisGameCore */ = {isa = PBXFileReference; lastKnownFileType = text; name = TetrisGameCore; path = Tetris/TetrisGameCore; sourceTree = SOURCE_ROOT; };
		E35C82CA2828155400FAD0E0 /* Tetris.app */ = {isa = PBXFileReference; explicitFileType = wrapper.application; includeInIndex = 0; path = Tetris.app; sourceTree = BUILT_PRODUCTS_DIR; };
		E35C82CD2828155400FAD0E0 /* AppDelegate.swift */ = {isa = PBXFileReference; lastKnownFileType = sourcecode.swift; path = AppDelegate.swift; sourceTree = "<group>"; };
		E35C82CF2828155400FAD0E0 /* SceneDelegate.swift */ = {isa = PBXFileReference; lastKnownFileType = sourcecode.swift; path = SceneDelegate.swift; sourceTree = "<group>"; };
		E35C82D62828155600FAD0E0 /* Assets.xcassets */ = {isa = PBXFileReference; lastKnownFileType = folder.assetcatalog; path = Assets.xcassets; sourceTree = "<group>"; };
		E35C82D92828155600FAD0E0 /* Base */ = {isa = PBXFileReference; lastKnownFileType = file.storyboard; name = Base; path = Base.lproj/LaunchScreen.storyboard; sourceTree = "<group>"; };
		E35C82DB2828155600FAD0E0 /* Info.plist */ = {isa = PBXFileReference; lastKnownFileType = text.plist.xml; path = Info.plist; sourceTree = "<group>"; };
		E35C82EA28283BB500FAD0E0 /* LoginViewController.swift */ = {isa = PBXFileReference; lastKnownFileType = sourcecode.swift; path = LoginViewController.swift; sourceTree = "<group>"; };
		E35C82EB28283BB500FAD0E0 /* LoginViewController.xib */ = {isa = PBXFileReference; lastKnownFileType = file.xib; path = LoginViewController.xib; sourceTree = "<group>"; };
		E35C82F62828766200FAD0E0 /* LoginPresenter.swift */ = {isa = PBXFileReference; lastKnownFileType = sourcecode.swift; path = LoginPresenter.swift; sourceTree = "<group>"; };
		E3B7CC9E283180DB007C19DC /* ControlViewController.swift */ = {isa = PBXFileReference; lastKnownFileType = sourcecode.swift; path = ControlViewController.swift; sourceTree = "<group>"; };
		E3E8A37929FCFA3400E93D4D /* ModeSelectionPresenter.swift */ = {isa = PBXFileReference; lastKnownFileType = sourcecode.swift; path = ModeSelectionPresenter.swift; sourceTree = "<group>"; };
		E3E8A37A29FCFA3400E93D4D /* ModeSelectionRouter.swift */ = {isa = PBXFileReference; lastKnownFileType = sourcecode.swift; path = ModeSelectionRouter.swift; sourceTree = "<group>"; };
		E3E8A37B29FCFA3400E93D4D /* ModeSelectionViewController.swift */ = {isa = PBXFileReference; lastKnownFileType = sourcecode.swift; path = ModeSelectionViewController.swift; sourceTree = "<group>"; };
		E3E8A37C29FCFA3400E93D4D /* ModeSelectionAssembly.swift */ = {isa = PBXFileReference; lastKnownFileType = sourcecode.swift; path = ModeSelectionAssembly.swift; sourceTree = "<group>"; };
		E3E8A38229FCFB2400E93D4D /* UIView + setupUI.swift */ = {isa = PBXFileReference; lastKnownFileType = sourcecode.swift; path = "UIView + setupUI.swift"; sourceTree = "<group>"; };
		E3E8A38E29FD0EE400E93D4D /* AssemblyModuls.swift */ = {isa = PBXFileReference; lastKnownFileType = sourcecode.swift; path = AssemblyModuls.swift; sourceTree = "<group>"; };
		E3E8A39229FD16D200E93D4D /* NetworkingLayer */ = {isa = PBXFileReference; lastKnownFileType = text; name = NetworkingLayer; path = Tetris/NetworkingLayer; sourceTree = SOURCE_ROOT; };
		E3E8A39429FD237200E93D4D /* AuthorizationService.swift */ = {isa = PBXFileReference; lastKnownFileType = sourcecode.swift; path = AuthorizationService.swift; sourceTree = "<group>"; };
		E3E8A39929FD2BAC00E93D4D /* AuthorizationServiceAssembly.swift */ = {isa = PBXFileReference; lastKnownFileType = sourcecode.swift; path = AuthorizationServiceAssembly.swift; sourceTree = "<group>"; };
		E3E8A39C29FD47A500E93D4D /* LoginAssembly.swift */ = {isa = PBXFileReference; lastKnownFileType = sourcecode.swift; path = LoginAssembly.swift; sourceTree = "<group>"; };
		E3E8A39E29FD4C0F00E93D4D /* UIViewController + Most.swift */ = {isa = PBXFileReference; lastKnownFileType = sourcecode.swift; path = "UIViewController + Most.swift"; sourceTree = "<group>"; };
		E3F609D72A0EE6380041DBC9 /* OnlineService.swift */ = {isa = PBXFileReference; lastKnownFileType = sourcecode.swift; path = OnlineService.swift; sourceTree = "<group>"; };
		E3F609D92A0EE72B0041DBC9 /* OnlineServiceAssembly.swift */ = {isa = PBXFileReference; lastKnownFileType = sourcecode.swift; path = OnlineServiceAssembly.swift; sourceTree = "<group>"; };
		E3F609DC2A0F96740041DBC9 /* WaitingRoomAssembly.swift */ = {isa = PBXFileReference; lastKnownFileType = sourcecode.swift; path = WaitingRoomAssembly.swift; sourceTree = "<group>"; };
		E3F609DF2A0F98A50041DBC9 /* WaitingRoomRouter.swift */ = {isa = PBXFileReference; lastKnownFileType = sourcecode.swift; path = WaitingRoomRouter.swift; sourceTree = "<group>"; };
		E3F609E32A0FBE340041DBC9 /* GamePresenter.swift */ = {isa = PBXFileReference; lastKnownFileType = sourcecode.swift; path = GamePresenter.swift; sourceTree = "<group>"; };
		E3F609E52A0FBE340041DBC9 /* GameViewController.swift */ = {isa = PBXFileReference; lastKnownFileType = sourcecode.swift; path = GameViewController.swift; sourceTree = "<group>"; };
		E3F609E62A0FBE340041DBC9 /* GameAssembly.swift */ = {isa = PBXFileReference; lastKnownFileType = sourcecode.swift; path = GameAssembly.swift; sourceTree = "<group>"; };
		E3F609EB2A0FBFCE0041DBC9 /* ARAdapter.swift */ = {isa = PBXFileReference; lastKnownFileType = sourcecode.swift; path = ARAdapter.swift; sourceTree = "<group>"; };
		E3F609EE2A0FC7E50041DBC9 /* PaddingLabel.swift */ = {isa = PBXFileReference; lastKnownFileType = sourcecode.swift; path = PaddingLabel.swift; sourceTree = "<group>"; };
		E3F609F42A113F550041DBC9 /* Game.swift */ = {isa = PBXFileReference; lastKnownFileType = sourcecode.swift; path = Game.swift; sourceTree = "<group>"; };
		E3F609F82A116CFC0041DBC9 /* GameService.swift */ = {isa = PBXFileReference; lastKnownFileType = sourcecode.swift; path = GameService.swift; sourceTree = "<group>"; };
		E3F609FA2A116FDC0041DBC9 /* ActionTetris.swift */ = {isa = PBXFileReference; lastKnownFileType = sourcecode.swift; path = ActionTetris.swift; sourceTree = "<group>"; };
		E3F609FC2A1172640041DBC9 /* GameServiceAssembly.swift */ = {isa = PBXFileReference; lastKnownFileType = sourcecode.swift; path = GameServiceAssembly.swift; sourceTree = "<group>"; };
		E3F78D4F282C425F001B8E55 /* WaitingRoomViewController.xib */ = {isa = PBXFileReference; fileEncoding = 4; lastKnownFileType = file.xib; path = WaitingRoomViewController.xib; sourceTree = "<group>"; };
/* End PBXFileReference section */

/* Begin PBXFrameworksBuildPhase section */
		E35C82C72828155400FAD0E0 /* Frameworks */ = {
			isa = PBXFrameworksBuildPhase;
			buildActionMask = 2147483647;
			files = (
				E3E8A38629FCFDCD00E93D4D /* SnapKit in Frameworks */,
				E3E8A38C29FD0E4B00E93D4D /* Swinject in Frameworks */,
				E3E8A39829FD274200E93D4D /* NetworkingLayer in Frameworks */,
				E3E8A3A229FD5AC000E93D4D /* Starscream in Frameworks */,
				E35EE8592A17F54D0000AE3E /* TetrisGameCore in Frameworks */,
			);
			runOnlyForDeploymentPostprocessing = 0;
		};
/* End PBXFrameworksBuildPhase section */

/* Begin PBXGroup section */
		E33F30CF28292D97002ABFBA /* WaitingRoom */ = {
			isa = PBXGroup;
			children = (
				E3F609DE2A0F98750041DBC9 /* Router */,
				E3F609DB2A0F96410041DBC9 /* Assembly */,
				E33F30D728293DF9002ABFBA /* Presenter */,
				E33F30D428292DDB002ABFBA /* View */,
			);
			path = WaitingRoom;
			sourceTree = "<group>";
		};
		E33F30D428292DDB002ABFBA /* View */ = {
			isa = PBXGroup;
			children = (
				E3F78D4F282C425F001B8E55 /* WaitingRoomViewController.xib */,
				E33F30D028292DD1002ABFBA /* WaitingRoomViewController.swift */,
			);
			path = View;
			sourceTree = "<group>";
		};
		E33F30D728293DF9002ABFBA /* Presenter */ = {
			isa = PBXGroup;
			children = (
				E33F30D828293E1A002ABFBA /* WaitingRoomPresenter.swift */,
			);
			path = Presenter;
			sourceTree = "<group>";
		};
		E35C684F2A0EDE23003DD8AB /* Service */ = {
			isa = PBXGroup;
			children = (
				E3F609F72A116CE40041DBC9 /* GameService */,
				E3F609D62A0EE5FE0041DBC9 /* OnlineService */,
				E3E8A39329FD235D00E93D4D /* AuthorizationService */,
			);
			path = Service;
			sourceTree = "<group>";
		};
		E35C82C12828155400FAD0E0 = {
			isa = PBXGroup;
			children = (
				E35C82CC2828155400FAD0E0 /* Tetris */,
				E35C82CB2828155400FAD0E0 /* Products */,
				E3E8A39629FD274200E93D4D /* Frameworks */,
			);
			sourceTree = "<group>";
		};
		E35C82CB2828155400FAD0E0 /* Products */ = {
			isa = PBXGroup;
			children = (
				E35C82CA2828155400FAD0E0 /* Tetris.app */,
			);
			name = Products;
			sourceTree = "<group>";
		};
		E35C82CC2828155400FAD0E0 /* Tetris */ = {
			isa = PBXGroup;
			children = (
				E3F609ED2A0FC7CA0041DBC9 /* Views */,
				E3F609E12A0FB3310041DBC9 /* Screen */,
				E35C684F2A0EDE23003DD8AB /* Service */,
				E3E8A38D29FD0E5300E93D4D /* Assembly */,
				E3E8A38129FCFAF300E93D4D /* Extension */,
				E3E8A39129FD168A00E93D4D /* Modules */,
				E35C82CD2828155400FAD0E0 /* AppDelegate.swift */,
				E35C82CF2828155400FAD0E0 /* SceneDelegate.swift */,
				E35C82D62828155600FAD0E0 /* Assets.xcassets */,
				E35C82D82828155600FAD0E0 /* LaunchScreen.storyboard */,
				E35C82DB2828155600FAD0E0 /* Info.plist */,
			);
			path = Tetris;
			sourceTree = "<group>";
		};
		E35C82E12828177D00FAD0E0 /* ModeSelection */ = {
			isa = PBXGroup;
			children = (
				E3E8A39029FD15A100E93D4D /* Assembly */,
				E3E8A38929FD0D1300E93D4D /* Router */,
				E3E8A38829FCFEA500E93D4D /* Presenter */,
				E3E8A38729FCFE9200E93D4D /* View */,
			);
			path = ModeSelection;
			sourceTree = "<group>";
		};
		E35C82E928283B5500FAD0E0 /* Login */ = {
			isa = PBXGroup;
			children = (
				E3E8A39B29FD477D00E93D4D /* Assembly */,
				E35C82F52828761200FAD0E0 /* Presenter */,
				E35C82F3282875EB00FAD0E0 /* View */,
			);
			path = Login;
			sourceTree = "<group>";
		};
		E35C82F3282875EB00FAD0E0 /* View */ = {
			isa = PBXGroup;
			children = (
				E35C82EB28283BB500FAD0E0 /* LoginViewController.xib */,
				E35C82EA28283BB500FAD0E0 /* LoginViewController.swift */,
			);
			path = View;
			sourceTree = "<group>";
		};
		E35C82F52828761200FAD0E0 /* Presenter */ = {
			isa = PBXGroup;
			children = (
				E35C82F62828766200FAD0E0 /* LoginPresenter.swift */,
			);
			path = Presenter;
			sourceTree = "<group>";
		};
		E3E8A38129FCFAF300E93D4D /* Extension */ = {
			isa = PBXGroup;
			children = (
				E33F30DA2829700A002ABFBA /* UIView+Shadow.swift */,
				E3E8A38229FCFB2400E93D4D /* UIView + setupUI.swift */,
				E3E8A39E29FD4C0F00E93D4D /* UIViewController + Most.swift */,
			);
			path = Extension;
			sourceTree = "<group>";
		};
		E3E8A38729FCFE9200E93D4D /* View */ = {
			isa = PBXGroup;
			children = (
				E3B7CC9E283180DB007C19DC /* ControlViewController.swift */,
				E3E8A37B29FCFA3400E93D4D /* ModeSelectionViewController.swift */,
			);
			path = View;
			sourceTree = "<group>";
		};
		E3E8A38829FCFEA500E93D4D /* Presenter */ = {
			isa = PBXGroup;
			children = (
				E3E8A37929FCFA3400E93D4D /* ModeSelectionPresenter.swift */,
			);
			path = Presenter;
			sourceTree = "<group>";
		};
		E3E8A38929FD0D1300E93D4D /* Router */ = {
			isa = PBXGroup;
			children = (
				E3E8A37A29FCFA3400E93D4D /* ModeSelectionRouter.swift */,
			);
			path = Router;
			sourceTree = "<group>";
		};
		E3E8A38D29FD0E5300E93D4D /* Assembly */ = {
			isa = PBXGroup;
			children = (
				E3E8A38E29FD0EE400E93D4D /* AssemblyModuls.swift */,
			);
			path = Assembly;
			sourceTree = "<group>";
		};
		E3E8A39029FD15A100E93D4D /* Assembly */ = {
			isa = PBXGroup;
			children = (
				E3E8A37C29FCFA3400E93D4D /* ModeSelectionAssembly.swift */,
			);
			path = Assembly;
			sourceTree = "<group>";
		};
		E3E8A39129FD168A00E93D4D /* Modules */ = {
			isa = PBXGroup;
			children = (
				E3440EA52A17F4FC00EC9F5C /* TetrisGameCore */,
				E3E8A39229FD16D200E93D4D /* NetworkingLayer */,
			);
			path = Modules;
			sourceTree = "<group>";
		};
		E3E8A39329FD235D00E93D4D /* AuthorizationService */ = {
			isa = PBXGroup;
			children = (
				E3E8A39429FD237200E93D4D /* AuthorizationService.swift */,
				E3E8A39929FD2BAC00E93D4D /* AuthorizationServiceAssembly.swift */,
			);
			path = AuthorizationService;
			sourceTree = "<group>";
		};
		E3E8A39629FD274200E93D4D /* Frameworks */ = {
			isa = PBXGroup;
			children = (
			);
			name = Frameworks;
			sourceTree = "<group>";
		};
		E3E8A39B29FD477D00E93D4D /* Assembly */ = {
			isa = PBXGroup;
			children = (
				E3E8A39C29FD47A500E93D4D /* LoginAssembly.swift */,
			);
			path = Assembly;
			sourceTree = "<group>";
		};
		E3F609D62A0EE5FE0041DBC9 /* OnlineService */ = {
			isa = PBXGroup;
			children = (
				E3F609D72A0EE6380041DBC9 /* OnlineService.swift */,
				E3F609D92A0EE72B0041DBC9 /* OnlineServiceAssembly.swift */,
			);
			path = OnlineService;
			sourceTree = "<group>";
		};
		E3F609DB2A0F96410041DBC9 /* Assembly */ = {
			isa = PBXGroup;
			children = (
				E3F609DC2A0F96740041DBC9 /* WaitingRoomAssembly.swift */,
			);
			path = Assembly;
			sourceTree = "<group>";
		};
		E3F609DE2A0F98750041DBC9 /* Router */ = {
			isa = PBXGroup;
			children = (
				E3F609DF2A0F98A50041DBC9 /* WaitingRoomRouter.swift */,
			);
			path = Router;
			sourceTree = "<group>";
		};
		E3F609E12A0FB3310041DBC9 /* Screen */ = {
			isa = PBXGroup;
			children = (
				E3F609E22A0FBE120041DBC9 /* Game */,
				E35C82E12828177D00FAD0E0 /* ModeSelection */,
				E35C82E928283B5500FAD0E0 /* Login */,
				E33F30CF28292D97002ABFBA /* WaitingRoom */,
			);
			path = Screen;
			sourceTree = "<group>";
		};
		E3F609E22A0FBE120041DBC9 /* Game */ = {
			isa = PBXGroup;
			children = (
				E3F609F62A115E190041DBC9 /* Assembly */,
				E3F609F32A113F3A0041DBC9 /* Model */,
				E3F609F12A113F090041DBC9 /* View */,
				E3F609F02A113EFF0041DBC9 /* Presenter */,
			);
			path = Game;
			sourceTree = "<group>";
		};
		E3F609ED2A0FC7CA0041DBC9 /* Views */ = {
			isa = PBXGroup;
			children = (
				E3F609EE2A0FC7E50041DBC9 /* PaddingLabel.swift */,
			);
			path = Views;
			sourceTree = "<group>";
		};
		E3F609F02A113EFF0041DBC9 /* Presenter */ = {
			isa = PBXGroup;
			children = (
				E3F609E32A0FBE340041DBC9 /* GamePresenter.swift */,
			);
			path = Presenter;
			sourceTree = "<group>";
		};
		E3F609F12A113F090041DBC9 /* View */ = {
			isa = PBXGroup;
			children = (
				E3F609EB2A0FBFCE0041DBC9 /* ARAdapter.swift */,
				E3F609E52A0FBE340041DBC9 /* GameViewController.swift */,
			);
			path = View;
			sourceTree = "<group>";
		};
		E3F609F32A113F3A0041DBC9 /* Model */ = {
			isa = PBXGroup;
			children = (
				E3F609F42A113F550041DBC9 /* Game.swift */,
			);
			path = Model;
			sourceTree = "<group>";
		};
		E3F609F62A115E190041DBC9 /* Assembly */ = {
			isa = PBXGroup;
			children = (
				E3F609E62A0FBE340041DBC9 /* GameAssembly.swift */,
			);
			path = Assembly;
			sourceTree = "<group>";
		};
		E3F609F72A116CE40041DBC9 /* GameService */ = {
			isa = PBXGroup;
			children = (
				E3F609F82A116CFC0041DBC9 /* GameService.swift */,
				E3F609FA2A116FDC0041DBC9 /* ActionTetris.swift */,
				E3F609FC2A1172640041DBC9 /* GameServiceAssembly.swift */,
			);
			path = GameService;
			sourceTree = "<group>";
		};
/* End PBXGroup section */

/* Begin PBXNativeTarget section */
		E35C82C92828155400FAD0E0 /* Tetris */ = {
			isa = PBXNativeTarget;
			buildConfigurationList = E35C82DE2828155600FAD0E0 /* Build configuration list for PBXNativeTarget "Tetris" */;
			buildPhases = (
				E35C82C62828155400FAD0E0 /* Sources */,
				E35C82C72828155400FAD0E0 /* Frameworks */,
				E35C82C82828155400FAD0E0 /* Resources */,
			);
			buildRules = (
			);
			dependencies = (
			);
			name = Tetris;
			packageProductDependencies = (
				E3E8A38529FCFDCD00E93D4D /* SnapKit */,
				E3E8A38B29FD0E4B00E93D4D /* Swinject */,
				E3E8A39729FD274200E93D4D /* NetworkingLayer */,
				E3E8A3A129FD5AC000E93D4D /* Starscream */,
				E35EE8582A17F54D0000AE3E /* TetrisGameCore */,
			);
			productName = Tetris;
			productReference = E35C82CA2828155400FAD0E0 /* Tetris.app */;
			productType = "com.apple.product-type.application";
		};
/* End PBXNativeTarget section */

/* Begin PBXProject section */
		E35C82C22828155400FAD0E0 /* Project object */ = {
			isa = PBXProject;
			attributes = {
				BuildIndependentTargetsInParallel = 1;
				LastSwiftUpdateCheck = 1330;
				LastUpgradeCheck = 1330;
				TargetAttributes = {
					E35C82C92828155400FAD0E0 = {
						CreatedOnToolsVersion = 13.3.1;
					};
				};
			};
			buildConfigurationList = E35C82C52828155400FAD0E0 /* Build configuration list for PBXProject "Tetris" */;
			compatibilityVersion = "Xcode 13.0";
			developmentRegion = en;
			hasScannedForEncodings = 0;
			knownRegions = (
				en,
				Base,
			);
			mainGroup = E35C82C12828155400FAD0E0;
			packageReferences = (
				E3E8A38429FCFDCD00E93D4D /* XCRemoteSwiftPackageReference "SnapKit" */,
				E3E8A38A29FD0E4B00E93D4D /* XCRemoteSwiftPackageReference "Swinject" */,
				E3E8A3A029FD5AC000E93D4D /* XCRemoteSwiftPackageReference "Starscream" */,
			);
			productRefGroup = E35C82CB2828155400FAD0E0 /* Products */;
			projectDirPath = "";
			projectRoot = "";
			targets = (
				E35C82C92828155400FAD0E0 /* Tetris */,
			);
		};
/* End PBXProject section */

/* Begin PBXResourcesBuildPhase section */
		E35C82C82828155400FAD0E0 /* Resources */ = {
			isa = PBXResourcesBuildPhase;
			buildActionMask = 2147483647;
			files = (
				E35C82DA2828155600FAD0E0 /* LaunchScreen.storyboard in Resources */,
				E3F78D50282C425F001B8E55 /* WaitingRoomViewController.xib in Resources */,
				E35C82D72828155600FAD0E0 /* Assets.xcassets in Resources */,
				E35C82ED28283BB500FAD0E0 /* LoginViewController.xib in Resources */,
			);
			runOnlyForDeploymentPostprocessing = 0;
		};
/* End PBXResourcesBuildPhase section */

/* Begin PBXSourcesBuildPhase section */
		E35C82C62828155400FAD0E0 /* Sources */ = {
			isa = PBXSourcesBuildPhase;
			buildActionMask = 2147483647;
			files = (
				E35C82EC28283BB500FAD0E0 /* LoginViewController.swift in Sources */,
				E3F609EC2A0FBFCE0041DBC9 /* ARAdapter.swift in Sources */,
				E33F30D228292DD1002ABFBA /* WaitingRoomViewController.swift in Sources */,
				E33F30DB2829700A002ABFBA /* UIView+Shadow.swift in Sources */,
				E3E8A37D29FCFA3400E93D4D /* ModeSelectionPresenter.swift in Sources */,
				E3E8A37F29FCFA3400E93D4D /* ModeSelectionViewController.swift in Sources */,
				E3E8A39D29FD47A500E93D4D /* LoginAssembly.swift in Sources */,
				E3F609EA2A0FBE340041DBC9 /* GameAssembly.swift in Sources */,
				E3F609F92A116CFC0041DBC9 /* GameService.swift in Sources */,
				E3E8A39529FD237200E93D4D /* AuthorizationService.swift in Sources */,
				E3F609DD2A0F96740041DBC9 /* WaitingRoomAssembly.swift in Sources */,
				E3E8A38F29FD0EE400E93D4D /* AssemblyModuls.swift in Sources */,
				E3E8A38029FCFA3400E93D4D /* ModeSelectionAssembly.swift in Sources */,
				E3F609E72A0FBE340041DBC9 /* GamePresenter.swift in Sources */,
				E3F609DA2A0EE72B0041DBC9 /* OnlineServiceAssembly.swift in Sources */,
				E3F609FD2A1172640041DBC9 /* GameServiceAssembly.swift in Sources */,
				E3E8A37E29FCFA3400E93D4D /* ModeSelectionRouter.swift in Sources */,
				E3F609F52A113F550041DBC9 /* Game.swift in Sources */,
				E3E8A39A29FD2BAC00E93D4D /* AuthorizationServiceAssembly.swift in Sources */,
				E3E8A38329FCFB2400E93D4D /* UIView + setupUI.swift in Sources */,
				E35C82F72828766200FAD0E0 /* LoginPresenter.swift in Sources */,
				E3E8A39F29FD4C0F00E93D4D /* UIViewController + Most.swift in Sources */,
				E3F609EF2A0FC7E50041DBC9 /* PaddingLabel.swift in Sources */,
				E3F609D82A0EE6380041DBC9 /* OnlineService.swift in Sources */,
				E3F609E02A0F98A50041DBC9 /* WaitingRoomRouter.swift in Sources */,
				E3B7CCA0283180DB007C19DC /* ControlViewController.swift in Sources */,
				E35C82CE2828155400FAD0E0 /* AppDelegate.swift in Sources */,
				E35C82D02828155400FAD0E0 /* SceneDelegate.swift in Sources */,
				E33F30D928293E1A002ABFBA /* WaitingRoomPresenter.swift in Sources */,
				E3F609E92A0FBE340041DBC9 /* GameViewController.swift in Sources */,
				E3F609FB2A116FDC0041DBC9 /* ActionTetris.swift in Sources */,
			);
			runOnlyForDeploymentPostprocessing = 0;
		};
/* End PBXSourcesBuildPhase section */

/* Begin PBXVariantGroup section */
		E35C82D82828155600FAD0E0 /* LaunchScreen.storyboard */ = {
			isa = PBXVariantGroup;
			children = (
				E35C82D92828155600FAD0E0 /* Base */,
			);
			name = LaunchScreen.storyboard;
			sourceTree = "<group>";
		};
/* End PBXVariantGroup section */

/* Begin XCBuildConfiguration section */
		E35C82DC2828155600FAD0E0 /* Debug */ = {
			isa = XCBuildConfiguration;
			buildSettings = {
				ALWAYS_SEARCH_USER_PATHS = NO;
				CLANG_ANALYZER_NONNULL = YES;
				CLANG_ANALYZER_NUMBER_OBJECT_CONVERSION = YES_AGGRESSIVE;
				CLANG_CXX_LANGUAGE_STANDARD = "gnu++17";
				CLANG_ENABLE_MODULES = YES;
				CLANG_ENABLE_OBJC_ARC = YES;
				CLANG_ENABLE_OBJC_WEAK = YES;
				CLANG_WARN_BLOCK_CAPTURE_AUTORELEASING = YES;
				CLANG_WARN_BOOL_CONVERSION = YES;
				CLANG_WARN_COMMA = YES;
				CLANG_WARN_CONSTANT_CONVERSION = YES;
				CLANG_WARN_DEPRECATED_OBJC_IMPLEMENTATIONS = YES;
				CLANG_WARN_DIRECT_OBJC_ISA_USAGE = YES_ERROR;
				CLANG_WARN_DOCUMENTATION_COMMENTS = YES;
				CLANG_WARN_EMPTY_BODY = YES;
				CLANG_WARN_ENUM_CONVERSION = YES;
				CLANG_WARN_INFINITE_RECURSION = YES;
				CLANG_WARN_INT_CONVERSION = YES;
				CLANG_WARN_NON_LITERAL_NULL_CONVERSION = YES;
				CLANG_WARN_OBJC_IMPLICIT_RETAIN_SELF = YES;
				CLANG_WARN_OBJC_LITERAL_CONVERSION = YES;
				CLANG_WARN_OBJC_ROOT_CLASS = YES_ERROR;
				CLANG_WARN_QUOTED_INCLUDE_IN_FRAMEWORK_HEADER = YES;
				CLANG_WARN_RANGE_LOOP_ANALYSIS = YES;
				CLANG_WARN_STRICT_PROTOTYPES = YES;
				CLANG_WARN_SUSPICIOUS_MOVE = YES;
				CLANG_WARN_UNGUARDED_AVAILABILITY = YES_AGGRESSIVE;
				CLANG_WARN_UNREACHABLE_CODE = YES;
				CLANG_WARN__DUPLICATE_METHOD_MATCH = YES;
				COPY_PHASE_STRIP = NO;
				DEBUG_INFORMATION_FORMAT = dwarf;
				ENABLE_STRICT_OBJC_MSGSEND = YES;
				ENABLE_TESTABILITY = YES;
				GCC_C_LANGUAGE_STANDARD = gnu11;
				GCC_DYNAMIC_NO_PIC = NO;
				GCC_NO_COMMON_BLOCKS = YES;
				GCC_OPTIMIZATION_LEVEL = 0;
				GCC_PREPROCESSOR_DEFINITIONS = (
					"DEBUG=1",
					"$(inherited)",
				);
				GCC_WARN_64_TO_32_BIT_CONVERSION = YES;
				GCC_WARN_ABOUT_RETURN_TYPE = YES_ERROR;
				GCC_WARN_UNDECLARED_SELECTOR = YES;
				GCC_WARN_UNINITIALIZED_AUTOS = YES_AGGRESSIVE;
				GCC_WARN_UNUSED_FUNCTION = YES;
				GCC_WARN_UNUSED_VARIABLE = YES;
				IPHONEOS_DEPLOYMENT_TARGET = 15.4;
				MTL_ENABLE_DEBUG_INFO = INCLUDE_SOURCE;
				MTL_FAST_MATH = YES;
				ONLY_ACTIVE_ARCH = YES;
				SDKROOT = iphoneos;
				SWIFT_ACTIVE_COMPILATION_CONDITIONS = DEBUG;
				SWIFT_OPTIMIZATION_LEVEL = "-Onone";
			};
			name = Debug;
		};
		E35C82DD2828155600FAD0E0 /* Release */ = {
			isa = XCBuildConfiguration;
			buildSettings = {
				ALWAYS_SEARCH_USER_PATHS = NO;
				CLANG_ANALYZER_NONNULL = YES;
				CLANG_ANALYZER_NUMBER_OBJECT_CONVERSION = YES_AGGRESSIVE;
				CLANG_CXX_LANGUAGE_STANDARD = "gnu++17";
				CLANG_ENABLE_MODULES = YES;
				CLANG_ENABLE_OBJC_ARC = YES;
				CLANG_ENABLE_OBJC_WEAK = YES;
				CLANG_WARN_BLOCK_CAPTURE_AUTORELEASING = YES;
				CLANG_WARN_BOOL_CONVERSION = YES;
				CLANG_WARN_COMMA = YES;
				CLANG_WARN_CONSTANT_CONVERSION = YES;
				CLANG_WARN_DEPRECATED_OBJC_IMPLEMENTATIONS = YES;
				CLANG_WARN_DIRECT_OBJC_ISA_USAGE = YES_ERROR;
				CLANG_WARN_DOCUMENTATION_COMMENTS = YES;
				CLANG_WARN_EMPTY_BODY = YES;
				CLANG_WARN_ENUM_CONVERSION = YES;
				CLANG_WARN_INFINITE_RECURSION = YES;
				CLANG_WARN_INT_CONVERSION = YES;
				CLANG_WARN_NON_LITERAL_NULL_CONVERSION = YES;
				CLANG_WARN_OBJC_IMPLICIT_RETAIN_SELF = YES;
				CLANG_WARN_OBJC_LITERAL_CONVERSION = YES;
				CLANG_WARN_OBJC_ROOT_CLASS = YES_ERROR;
				CLANG_WARN_QUOTED_INCLUDE_IN_FRAMEWORK_HEADER = YES;
				CLANG_WARN_RANGE_LOOP_ANALYSIS = YES;
				CLANG_WARN_STRICT_PROTOTYPES = YES;
				CLANG_WARN_SUSPICIOUS_MOVE = YES;
				CLANG_WARN_UNGUARDED_AVAILABILITY = YES_AGGRESSIVE;
				CLANG_WARN_UNREACHABLE_CODE = YES;
				CLANG_WARN__DUPLICATE_METHOD_MATCH = YES;
				COPY_PHASE_STRIP = NO;
				DEBUG_INFORMATION_FORMAT = "dwarf-with-dsym";
				ENABLE_NS_ASSERTIONS = NO;
				ENABLE_STRICT_OBJC_MSGSEND = YES;
				GCC_C_LANGUAGE_STANDARD = gnu11;
				GCC_NO_COMMON_BLOCKS = YES;
				GCC_WARN_64_TO_32_BIT_CONVERSION = YES;
				GCC_WARN_ABOUT_RETURN_TYPE = YES_ERROR;
				GCC_WARN_UNDECLARED_SELECTOR = YES;
				GCC_WARN_UNINITIALIZED_AUTOS = YES_AGGRESSIVE;
				GCC_WARN_UNUSED_FUNCTION = YES;
				GCC_WARN_UNUSED_VARIABLE = YES;
				IPHONEOS_DEPLOYMENT_TARGET = 15.4;
				MTL_ENABLE_DEBUG_INFO = NO;
				MTL_FAST_MATH = YES;
				SDKROOT = iphoneos;
				SWIFT_COMPILATION_MODE = wholemodule;
				SWIFT_OPTIMIZATION_LEVEL = "-O";
				VALIDATE_PRODUCT = YES;
			};
			name = Release;
		};
		E35C82DF2828155600FAD0E0 /* Debug */ = {
			isa = XCBuildConfiguration;
			buildSettings = {
				ASSETCATALOG_COMPILER_APPICON_NAME = AppIcon;
				ASSETCATALOG_COMPILER_GLOBAL_ACCENT_COLOR_NAME = AccentColor;
				CODE_SIGN_STYLE = Automatic;
				CURRENT_PROJECT_VERSION = 1;
				DEVELOPMENT_TEAM = V6LT92FY3N;
				GENERATE_INFOPLIST_FILE = YES;
				INFOPLIST_FILE = Tetris/Info.plist;
				INFOPLIST_KEY_NSCameraUsageDescription = "Tetris camera use";
				INFOPLIST_KEY_UIApplicationSupportsIndirectInputEvents = YES;
				INFOPLIST_KEY_UILaunchStoryboardName = LaunchScreen;
				INFOPLIST_KEY_UISupportedInterfaceOrientations_iPad = "UIInterfaceOrientationPortrait UIInterfaceOrientationPortraitUpsideDown UIInterfaceOrientationLandscapeLeft UIInterfaceOrientationLandscapeRight";
				INFOPLIST_KEY_UISupportedInterfaceOrientations_iPhone = "UIInterfaceOrientationPortrait UIInterfaceOrientationLandscapeLeft UIInterfaceOrientationLandscapeRight";
				LD_RUNPATH_SEARCH_PATHS = (
					"$(inherited)",
					"@executable_path/Frameworks",
				);
				MARKETING_VERSION = 1.0;
				PRODUCT_BUNDLE_IDENTIFIER = ru.hse.cs;
				PRODUCT_NAME = "$(TARGET_NAME)";
				SWIFT_EMIT_LOC_STRINGS = YES;
				SWIFT_VERSION = 5.0;
				TARGETED_DEVICE_FAMILY = "1,2";
			};
			name = Debug;
		};
		E35C82E02828155600FAD0E0 /* Release */ = {
			isa = XCBuildConfiguration;
			buildSettings = {
				ASSETCATALOG_COMPILER_APPICON_NAME = AppIcon;
				ASSETCATALOG_COMPILER_GLOBAL_ACCENT_COLOR_NAME = AccentColor;
				CODE_SIGN_STYLE = Automatic;
				CURRENT_PROJECT_VERSION = 1;
				DEVELOPMENT_TEAM = V6LT92FY3N;
				GENERATE_INFOPLIST_FILE = YES;
				INFOPLIST_FILE = Tetris/Info.plist;
				INFOPLIST_KEY_NSCameraUsageDescription = "Tetris camera use";
				INFOPLIST_KEY_UIApplicationSupportsIndirectInputEvents = YES;
				INFOPLIST_KEY_UILaunchStoryboardName = LaunchScreen;
				INFOPLIST_KEY_UISupportedInterfaceOrientations_iPad = "UIInterfaceOrientationPortrait UIInterfaceOrientationPortraitUpsideDown UIInterfaceOrientationLandscapeLeft UIInterfaceOrientationLandscapeRight";
				INFOPLIST_KEY_UISupportedInterfaceOrientations_iPhone = "UIInterfaceOrientationPortrait UIInterfaceOrientationLandscapeLeft UIInterfaceOrientationLandscapeRight";
				LD_RUNPATH_SEARCH_PATHS = (
					"$(inherited)",
					"@executable_path/Frameworks",
				);
				MARKETING_VERSION = 1.0;
				PRODUCT_BUNDLE_IDENTIFIER = ru.hse.cs;
				PRODUCT_NAME = "$(TARGET_NAME)";
				SWIFT_EMIT_LOC_STRINGS = YES;
				SWIFT_VERSION = 5.0;
				TARGETED_DEVICE_FAMILY = "1,2";
			};
			name = Release;
		};
/* End XCBuildConfiguration section */

/* Begin XCConfigurationList section */
		E35C82C52828155400FAD0E0 /* Build configuration list for PBXProject "Tetris" */ = {
			isa = XCConfigurationList;
			buildConfigurations = (
				E35C82DC2828155600FAD0E0 /* Debug */,
				E35C82DD2828155600FAD0E0 /* Release */,
			);
			defaultConfigurationIsVisible = 0;
			defaultConfigurationName = Release;
		};
		E35C82DE2828155600FAD0E0 /* Build configuration list for PBXNativeTarget "Tetris" */ = {
			isa = XCConfigurationList;
			buildConfigurations = (
				E35C82DF2828155600FAD0E0 /* Debug */,
				E35C82E02828155600FAD0E0 /* Release */,
			);
			defaultConfigurationIsVisible = 0;
			defaultConfigurationName = Release;
		};
/* End XCConfigurationList section */

/* Begin XCRemoteSwiftPackageReference section */
		E3E8A38429FCFDCD00E93D4D /* XCRemoteSwiftPackageReference "SnapKit" */ = {
			isa = XCRemoteSwiftPackageReference;
			repositoryURL = "https://github.com/SnapKit/SnapKit.git";
			requirement = {
				kind = upToNextMinorVersion;
				minimumVersion = 5.6.0;
			};
		};
		E3E8A38A29FD0E4B00E93D4D /* XCRemoteSwiftPackageReference "Swinject" */ = {
			isa = XCRemoteSwiftPackageReference;
			repositoryURL = "https://github.com/Swinject/Swinject.git";
			requirement = {
				kind = upToNextMinorVersion;
				minimumVersion = 2.8.0;
			};
		};
		E3E8A3A029FD5AC000E93D4D /* XCRemoteSwiftPackageReference "Starscream" */ = {
			isa = XCRemoteSwiftPackageReference;
			repositoryURL = "https://github.com/daltoniam/Starscream.git";
			requirement = {
				kind = upToNextMajorVersion;
				minimumVersion = 4.0.0;
			};
		};
/* End XCRemoteSwiftPackageReference section */

/* Begin XCSwiftPackageProductDependency section */
		E35EE8582A17F54D0000AE3E /* TetrisGameCore */ = {
			isa = XCSwiftPackageProductDependency;
			productName = TetrisGameCore;
		};
		E3E8A38529FCFDCD00E93D4D /* SnapKit */ = {
			isa = XCSwiftPackageProductDependency;
			package = E3E8A38429FCFDCD00E93D4D /* XCRemoteSwiftPackageReference "SnapKit" */;
			productName = SnapKit;
		};
		E3E8A38B29FD0E4B00E93D4D /* Swinject */ = {
			isa = XCSwiftPackageProductDependency;
			package = E3E8A38A29FD0E4B00E93D4D /* XCRemoteSwiftPackageReference "Swinject" */;
			productName = Swinject;
		};
		E3E8A39729FD274200E93D4D /* NetworkingLayer */ = {
			isa = XCSwiftPackageProductDependency;
			productName = NetworkingLayer;
		};
		E3E8A3A129FD5AC000E93D4D /* Starscream */ = {
			isa = XCSwiftPackageProductDependency;
			package = E3E8A3A029FD5AC000E93D4D /* XCRemoteSwiftPackageReference "Starscream" */;
			productName = Starscream;
		};
/* End XCSwiftPackageProductDependency section */
	};
	rootObject = E35C82C22828155400FAD0E0 /* Project object */;
}
